
Microsoft Visual Studio Solution File, Format Version 12.00
# Visual Studio 2013
VisualStudioVersion = 12.0.21005.1
MinimumVisualStudioVersion = 10.0.40219.1
Project("{FAE04EC0-301F-11D3-BF4B-00C04F79EFBC}") = "StringOperation", "StringOperation\StringOperation.csproj", "{2C3BC165-26E4-432B-AC30-EF28616724BF}"
EndProject
Project("{FAE04EC0-301F-11D3-BF4B-00C04F79EFBC}") = "LoginDialog", "LoginDialog\LoginDialog.csproj", "{FC26EDDF-CC2A-48C3-8599-0FBC26D0F0C6}"
EndProject
Global
	GlobalSection(SolutionConfigurationPlatforms) = preSolution
		Debug|Any CPU = Debug|Any CPU
		Release|Any CPU = Release|Any CPU
	EndGlobalSection
	GlobalSection(ProjectConfigurationPlatforms) = postSolution
		{2C3BC165-26E4-432B-AC30-EF28616724BF}.Debug|Any CPU.ActiveCfg = Debug|Any CPU
		{2C3BC165-26E4-432B-AC30-EF28616724BF}.Debug|Any CPU.Build.0 = Debug|Any CPU
		{2C3BC165-26E4-432B-AC30-EF28616724BF}.Release|Any CPU.ActiveCfg = Release|Any CPU
		{2C3BC165-26E4-432B-AC30-EF28616724BF}.Release|Any CPU.Build.0 = Release|Any CPU
		{FC26EDDF-CC2A-48C3-8599-0FBC26D0F0C6}.Debug|Any CPU.ActiveCfg = Debug|Any CPU
		{FC26EDDF-CC2A-48C3-8599-0FBC26D0F0C6}.Debug|Any CPU.Build.0 = Debug|Any CPU
		{FC26EDDF-CC2A-48C3-8599-0FBC26D0F0C6}.Release|Any CPU.ActiveCfg = Release|Any CPU
		{FC26EDDF-CC2A-48C3-8599-0FBC26D0F0C6}.Release|Any CPU.Build.0 = Release|Any CPU
	EndGlobalSection
	GlobalSection(SolutionProperties) = preSolution
		HideSolutionNode = FALSE
	EndGlobalSection
EndGlobal
